// !$*UTF8*$!
{
	archiveVersion = 1;
	classes = {
	};
	objectVersion = 46;
	objects = {

/* Begin PBXBuildFile section */
		5AF7CE2C1D479B5A00C9BA36 /* main.m in Sources */ = {isa = PBXBuildFile; fileRef = 5AF7CE2B1D479B5A00C9BA36 /* main.m */; };
		5AF7CE2F1D479B5A00C9BA36 /* AppDelegate.m in Sources */ = {isa = PBXBuildFile; fileRef = 5AF7CE2E1D479B5A00C9BA36 /* AppDelegate.m */; };
		5AF7CE321D479B5A00C9BA36 /* ViewController.m in Sources */ = {isa = PBXBuildFile; fileRef = 5AF7CE311D479B5A00C9BA36 /* ViewController.m */; };
		5AF7CE351D479B5A00C9BA36 /* Main.storyboard in Resources */ = {isa = PBXBuildFile; fileRef = 5AF7CE331D479B5A00C9BA36 /* Main.storyboard */; };
		5AF7CE371D479B5A00C9BA36 /* Assets.xcassets in Resources */ = {isa = PBXBuildFile; fileRef = 5AF7CE361D479B5A00C9BA36 /* Assets.xcassets */; };
		5AF7CE3A1D479B5A00C9BA36 /* LaunchScreen.storyboard in Resources */ = {isa = PBXBuildFile; fileRef = 5AF7CE381D479B5A00C9BA36 /* LaunchScreen.storyboard */; };
		5AF7CE461D479B9100C9BA36 /* PMNibLinkableView.m in Sources */ = {isa = PBXBuildFile; fileRef = 5AF7CE451D479B9100C9BA36 /* PMNibLinkableView.m */; };
		5AF7CE491D479BDF00C9BA36 /* PMFirstView.m in Sources */ = {isa = PBXBuildFile; fileRef = 5AF7CE481D479BDF00C9BA36 /* PMFirstView.m */; };
		5AF7CE4B1D479BFA00C9BA36 /* PMFirstView.xib in Resources */ = {isa = PBXBuildFile; fileRef = 5AF7CE4A1D479BFA00C9BA36 /* PMFirstView.xib */; };
		5AF7CE4E1D47A14E00C9BA36 /* PMSecondView.m in Sources */ = {isa = PBXBuildFile; fileRef = 5AF7CE4D1D47A14E00C9BA36 /* PMSecondView.m */; };
		5AF7CE501D47A15E00C9BA36 /* PMSecondView.xib in Resources */ = {isa = PBXBuildFile; fileRef = 5AF7CE4F1D47A15E00C9BA36 /* PMSecondView.xib */; };
		5AF7CE541D47A21200C9BA36 /* PMThirdParentView.m in Sources */ = {isa = PBXBuildFile; fileRef = 5AF7CE531D47A21200C9BA36 /* PMThirdParentView.m */; };
		5AF7CE561D47A21D00C9BA36 /* PMThirdParentView.xib in Resources */ = {isa = PBXBuildFile; fileRef = 5AF7CE551D47A21D00C9BA36 /* PMThirdParentView.xib */; };
		5AF7CE5A1D47A3A300C9BA36 /* PMThirdChildView.m in Sources */ = {isa = PBXBuildFile; fileRef = 5AF7CE591D47A3A300C9BA36 /* PMThirdChildView.m */; };
		5AF7CE5C1D47A3AE00C9BA36 /* PMThirdChildView.xib in Resources */ = {isa = PBXBuildFile; fileRef = 5AF7CE5B1D47A3AE00C9BA36 /* PMThirdChildView.xib */; };
		5AF7CE5F1D4815C400C9BA36 /* PMThirdGrandChildView.m in Sources */ = {isa = PBXBuildFile; fileRef = 5AF7CE5E1D4815C400C9BA36 /* PMThirdGrandChildView.m */; };
		5AF7CE611D4815D100C9BA36 /* PMThirdGrandChildView.xib in Resources */ = {isa = PBXBuildFile; fileRef = 5AF7CE601D4815D100C9BA36 /* PMThirdGrandChildView.xib */; };
		5AF7CE631D481DAC00C9BA36 /* PMNibLinkableView.xib in Resources */ = {isa = PBXBuildFile; fileRef = 5AF7CE621D481DAC00C9BA36 /* PMNibLinkableView.xib */; };
/* End PBXBuildFile section */

/* Begin PBXFileReference section */
		5AF7CE271D479B5A00C9BA36 /* PMNibLinkableViewExample.app */ = {isa = PBXFileReference; explicitFileType = wrapper.application; includeInIndex = 0; path = PMNibLinkableViewExample.app; sourceTree = BUILT_PRODUCTS_DIR; };
		5AF7CE2B1D479B5A00C9BA36 /* main.m */ = {isa = PBXFileReference; lastKnownFileType = sourcecode.c.objc; path = main.m; sourceTree = "<group>"; };
		5AF7CE2D1D479B5A00C9BA36 /* AppDelegate.h */ = {isa = PBXFileReference; lastKnownFileType = sourcecode.c.h; path = AppDelegate.h; sourceTree = "<group>"; };
		5AF7CE2E1D479B5A00C9BA36 /* AppDelegate.m */ = {isa = PBXFileReference; lastKnownFileType = sourcecode.c.objc; path = AppDelegate.m; sourceTree = "<group>"; };
		5AF7CE301D479B5A00C9BA36 /* ViewController.h */ = {isa = PBXFileReference; lastKnownFileType = sourcecode.c.h; path = ViewController.h; sourceTree = "<group>"; };
		5AF7CE311D479B5A00C9BA36 /* ViewController.m */ = {isa = PBXFileReference; lastKnownFileType = sourcecode.c.objc; path = ViewController.m; sourceTree = "<group>"; };
		5AF7CE341D479B5A00C9BA36 /* Base */ = {isa = PBXFileReference; lastKnownFileType = file.storyboard; name = Base; path = Base.lproj/Main.storyboard; sourceTree = "<group>"; };
		5AF7CE361D479B5A00C9BA36 /* Assets.xcassets */ = {isa = PBXFileReference; lastKnownFileType = folder.assetcatalog; path = Assets.xcassets; sourceTree = "<group>"; };
		5AF7CE391D479B5A00C9BA36 /* Base */ = {isa = PBXFileReference; lastKnownFileType = file.storyboard; name = Base; path = Base.lproj/LaunchScreen.storyboard; sourceTree = "<group>"; };
		5AF7CE3B1D479B5A00C9BA36 /* Info.plist */ = {isa = PBXFileReference; lastKnownFileType = text.plist.xml; path = Info.plist; sourceTree = "<group>"; };
		5AF7CE441D479B9100C9BA36 /* PMNibLinkableView.h */ = {isa = PBXFileReference; fileEncoding = 4; lastKnownFileType = sourcecode.c.h; name = PMNibLinkableView.h; path = ../../PMNibLinkableView.h; sourceTree = "<group>"; };
		5AF7CE451D479B9100C9BA36 /* PMNibLinkableView.m */ = {isa = PBXFileReference; fileEncoding = 4; lastKnownFileType = sourcecode.c.objc; name = PMNibLinkableView.m; path = ../../PMNibLinkableView.m; sourceTree = "<group>"; };
		5AF7CE471D479BDF00C9BA36 /* PMFirstView.h */ = {isa = PBXFileReference; fileEncoding = 4; lastKnownFileType = sourcecode.c.h; path = PMFirstView.h; sourceTree = "<group>"; };
		5AF7CE481D479BDF00C9BA36 /* PMFirstView.m */ = {isa = PBXFileReference; fileEncoding = 4; lastKnownFileType = sourcecode.c.objc; path = PMFirstView.m; sourceTree = "<group>"; };
		5AF7CE4A1D479BFA00C9BA36 /* PMFirstView.xib */ = {isa = PBXFileReference; fileEncoding = 4; lastKnownFileType = file.xib; path = PMFirstView.xib; sourceTree = "<group>"; };
		5AF7CE4C1D47A14E00C9BA36 /* PMSecondView.h */ = {isa = PBXFileReference; fileEncoding = 4; lastKnownFileType = sourcecode.c.h; path = PMSecondView.h; sourceTree = "<group>"; };
		5AF7CE4D1D47A14E00C9BA36 /* PMSecondView.m */ = {isa = PBXFileReference; fileEncoding = 4; lastKnownFileType = sourcecode.c.objc; path = PMSecondView.m; sourceTree = "<group>"; };
		5AF7CE4F1D47A15E00C9BA36 /* PMSecondView.xib */ = {isa = PBXFileReference; fileEncoding = 4; lastKnownFileType = file.xib; path = PMSecondView.xib; sourceTree = "<group>"; };
		5AF7CE521D47A21200C9BA36 /* PMThirdParentView.h */ = {isa = PBXFileReference; fileEncoding = 4; lastKnownFileType = sourcecode.c.h; path = PMThirdParentView.h; sourceTree = "<group>"; };
		5AF7CE531D47A21200C9BA36 /* PMThirdParentView.m */ = {isa = PBXFileReference; fileEncoding = 4; lastKnownFileType = sourcecode.c.objc; path = PMThirdParentView.m; sourceTree = "<group>"; };
		5AF7CE551D47A21D00C9BA36 /* PMThirdParentView.xib */ = {isa = PBXFileReference; fileEncoding = 4; lastKnownFileType = file.xib; path = PMThirdParentView.xib; sourceTree = "<group>"; };
		5AF7CE581D47A3A300C9BA36 /* PMThirdChildView.h */ = {isa = PBXFileReference; fileEncoding = 4; lastKnownFileType = sourcecode.c.h; path = PMThirdChildView.h; sourceTree = "<group>"; };
		5AF7CE591D47A3A300C9BA36 /* PMThirdChildView.m */ = {isa = PBXFileReference; fileEncoding = 4; lastKnownFileType = sourcecode.c.objc; path = PMThirdChildView.m; sourceTree = "<group>"; };
		5AF7CE5B1D47A3AE00C9BA36 /* PMThirdChildView.xib */ = {isa = PBXFileReference; fileEncoding = 4; lastKnownFileType = file.xib; path = PMThirdChildView.xib; sourceTree = "<group>"; };
		5AF7CE5D1D4815C400C9BA36 /* PMThirdGrandChildView.h */ = {isa = PBXFileReference; fileEncoding = 4; lastKnownFileType = sourcecode.c.h; path = PMThirdGrandChildView.h; sourceTree = "<group>"; };
		5AF7CE5E1D4815C400C9BA36 /* PMThirdGrandChildView.m */ = {isa = PBXFileReference; fileEncoding = 4; lastKnownFileType = sourcecode.c.objc; path = PMThirdGrandChildView.m; sourceTree = "<group>"; };
		5AF7CE601D4815D100C9BA36 /* PMThirdGrandChildView.xib */ = {isa = PBXFileReference; fileEncoding = 4; lastKnownFileType = file.xib; path = PMThirdGrandChildView.xib; sourceTree = "<group>"; };
		5AF7CE621D481DAC00C9BA36 /* PMNibLinkableView.xib */ = {isa = PBXFileReference; fileEncoding = 4; lastKnownFileType = file.xib; path = PMNibLinkableView.xib; sourceTree = "<group>"; };
/* End PBXFileReference section */

/* Begin PBXFrameworksBuildPhase section */
		5AF7CE241D479B5A00C9BA36 /* Frameworks */ = {
			isa = PBXFrameworksBuildPhase;
			buildActionMask = 2147483647;
			files = (
			);
			runOnlyForDeploymentPostprocessing = 0;
		};
/* End PBXFrameworksBuildPhase section */

/* Begin PBXGroup section */
		5AF7CE1E1D479B5A00C9BA36 = {
			isa = PBXGroup;
			children = (
				5AF7CE291D479B5A00C9BA36 /* PMNibLinkableViewExample */,
				5AF7CE281D479B5A00C9BA36 /* Products */,
			);
			sourceTree = "<group>";
		};
		5AF7CE281D479B5A00C9BA36 /* Products */ = {
			isa = PBXGroup;
			children = (
				5AF7CE271D479B5A00C9BA36 /* PMNibLinkableViewExample.app */,
			);
			name = Products;
			sourceTree = "<group>";
		};
		5AF7CE291D479B5A00C9BA36 /* PMNibLinkableViewExample */ = {
			isa = PBXGroup;
			children = (
				5AF7CE441D479B9100C9BA36 /* PMNibLinkableView.h */,
				5AF7CE451D479B9100C9BA36 /* PMNibLinkableView.m */,
				5AF7CE331D479B5A00C9BA36 /* Main.storyboard */,
				5AF7CE511D47A1EC00C9BA36 /* Views */,
				5AF7CE571D47A24C00C9BA36 /* Unimportant */,
				5AF7CE2A1D479B5A00C9BA36 /* Supporting Files */,
			);
			path = PMNibLinkableViewExample;
			sourceTree = "<group>";
		};
		5AF7CE2A1D479B5A00C9BA36 /* Supporting Files */ = {
			isa = PBXGroup;
			children = (
				5AF7CE2B1D479B5A00C9BA36 /* main.m */,
			);
			name = "Supporting Files";
			sourceTree = "<group>";
		};
		5AF7CE511D47A1EC00C9BA36 /* Views */ = {
			isa = PBXGroup;
			children = (
				5AF7CE621D481DAC00C9BA36 /* PMNibLinkableView.xib */,
				5AF7CE471D479BDF00C9BA36 /* PMFirstView.h */,
				5AF7CE481D479BDF00C9BA36 /* PMFirstView.m */,
				5AF7CE4A1D479BFA00C9BA36 /* PMFirstView.xib */,
				5AF7CE4C1D47A14E00C9BA36 /* PMSecondView.h */,
				5AF7CE4D1D47A14E00C9BA36 /* PMSecondView.m */,
				5AF7CE4F1D47A15E00C9BA36 /* PMSecondView.xib */,
				5AF7CE521D47A21200C9BA36 /* PMThirdParentView.h */,
				5AF7CE531D47A21200C9BA36 /* PMThirdParentView.m */,
				5AF7CE551D47A21D00C9BA36 /* PMThirdParentView.xib */,
				5AF7CE581D47A3A300C9BA36 /* PMThirdChildView.h */,
				5AF7CE591D47A3A300C9BA36 /* PMThirdChildView.m */,
				5AF7CE5B1D47A3AE00C9BA36 /* PMThirdChildView.xib */,
				5AF7CE5D1D4815C400C9BA36 /* PMThirdGrandChildView.h */,
				5AF7CE5E1D4815C400C9BA36 /* PMThirdGrandChildView.m */,
				5AF7CE601D4815D100C9BA36 /* PMThirdGrandChildView.xib */,
			);
			name = Views;
			sourceTree = "<group>";
		};
		5AF7CE571D47A24C00C9BA36 /* Unimportant */ = {
			isa = PBXGroup;
			children = (
				5AF7CE2D1D479B5A00C9BA36 /* AppDelegate.h */,
				5AF7CE2E1D479B5A00C9BA36 /* AppDelegate.m */,
				5AF7CE301D479B5A00C9BA36 /* ViewController.h */,
				5AF7CE311D479B5A00C9BA36 /* ViewController.m */,
				5AF7CE361D479B5A00C9BA36 /* Assets.xcassets */,
				5AF7CE381D479B5A00C9BA36 /* LaunchScreen.storyboard */,
				5AF7CE3B1D479B5A00C9BA36 /* Info.plist */,
			);
			name = Unimportant;
			sourceTree = "<group>";
		};
/* End PBXGroup section */

/* Begin PBXNativeTarget section */
		5AF7CE261D479B5A00C9BA36 /* PMNibLinkableViewExample */ = {
			isa = PBXNativeTarget;
			buildConfigurationList = 5AF7CE3E1D479B5A00C9BA36 /* Build configuration list for PBXNativeTarget "PMNibLinkableViewExample" */;
			buildPhases = (
				5AF7CE231D479B5A00C9BA36 /* Sources */,
				5AF7CE241D479B5A00C9BA36 /* Frameworks */,
				5AF7CE251D479B5A00C9BA36 /* Resources */,
			);
			buildRules = (
			);
			dependencies = (
			);
			name = PMNibLinkableViewExample;
			productName = PMNibLinkableViewExample;
			productReference = 5AF7CE271D479B5A00C9BA36 /* PMNibLinkableViewExample.app */;
			productType = "com.apple.product-type.application";
		};
/* End PBXNativeTarget section */

/* Begin PBXProject section */
		5AF7CE1F1D479B5A00C9BA36 /* Project object */ = {
			isa = PBXProject;
			attributes = {
				LastUpgradeCheck = 0730;
				ORGANIZATIONNAME = "Perpetuum Mobile lab";
				TargetAttributes = {
					5AF7CE261D479B5A00C9BA36 = {
						CreatedOnToolsVersion = 7.3.1;
					};
				};
			};
			buildConfigurationList = 5AF7CE221D479B5A00C9BA36 /* Build configuration list for PBXProject "PMNibLinkableViewExample" */;
			compatibilityVersion = "Xcode 3.2";
			developmentRegion = English;
			hasScannedForEncodings = 0;
			knownRegions = (
				en,
				Base,
			);
			mainGroup = 5AF7CE1E1D479B5A00C9BA36;
			productRefGroup = 5AF7CE281D479B5A00C9BA36 /* Products */;
			projectDirPath = "";
			projectRoot = "";
			targets = (
				5AF7CE261D479B5A00C9BA36 /* PMNibLinkableViewExample */,
			);
		};
/* End PBXProject section */

/* Begin PBXResourcesBuildPhase section */
		5AF7CE251D479B5A00C9BA36 /* Resources */ = {
			isa = PBXResourcesBuildPhase;
			buildActionMask = 2147483647;
			files = (
				5AF7CE4B1D479BFA00C9BA36 /* PMFirstView.xib in Resources */,
				5AF7CE3A1D479B5A00C9BA36 /* LaunchScreen.storyboard in Resources */,
				5AF7CE501D47A15E00C9BA36 /* PMSecondView.xib in Resources */,
				5AF7CE561D47A21D00C9BA36 /* PMThirdParentView.xib in Resources */,
				5AF7CE371D479B5A00C9BA36 /* Assets.xcassets in Resources */,
				5AF7CE611D4815D100C9BA36 /* PMThirdGrandChildView.xib in Resources */,
				5AF7CE5C1D47A3AE00C9BA36 /* PMThirdChildView.xib in Resources */,
				5AF7CE351D479B5A00C9BA36 /* Main.storyboard in Resources */,
				5AF7CE631D481DAC00C9BA36 /* PMNibLinkableView.xib in Resources */,
			);
			runOnlyForDeploymentPostprocessing = 0;
		};
/* End PBXResourcesBuildPhase section */

/* Begin PBXSourcesBuildPhase section */
		5AF7CE231D479B5A00C9BA36 /* Sources */ = {
			isa = PBXSourcesBuildPhase;
			buildActionMask = 2147483647;
			files = (
				5AF7CE321D479B5A00C9BA36 /* ViewController.m in Sources */,
				5AF7CE461D479B9100C9BA36 /* PMNibLinkableView.m in Sources */,
				5AF7CE5F1D4815C400C9BA36 /* PMThirdGrandChildView.m in Sources */,
				5AF7CE2F1D479B5A00C9BA36 /* AppDelegate.m in Sources */,
				5AF7CE4E1D47A14E00C9BA36 /* PMSecondView.m in Sources */,
				5AF7CE5A1D47A3A300C9BA36 /* PMThirdChildView.m in Sources */,
				5AF7CE491D479BDF00C9BA36 /* PMFirstView.m in Sources */,
				5AF7CE541D47A21200C9BA36 /* PMThirdParentView.m in Sources */,
				5AF7CE2C1D479B5A00C9BA36 /* main.m in Sources */,
			);
			runOnlyForDeploymentPostprocessing = 0;
		};
/* End PBXSourcesBuildPhase section */

/* Begin PBXVariantGroup section */
		5AF7CE331D479B5A00C9BA36 /* Main.storyboard */ = {
			isa = PBXVariantGroup;
			children = (
				5AF7CE341D479B5A00C9BA36 /* Base */,
			);
			name = Main.storyboard;
			sourceTree = "<group>";
		};
		5AF7CE381D479B5A00C9BA36 /* LaunchScreen.storyboard */ = {
			isa = PBXVariantGroup;
			children = (
				5AF7CE391D479B5A00C9BA36 /* Base */,
			);
			name = LaunchScreen.storyboard;
			sourceTree = "<group>";
		};
/* End PBXVariantGroup section */

/* Begin XCBuildConfiguration section */
		5AF7CE3C1D479B5A00C9BA36 /* Debug */ = {
			isa = XCBuildConfiguration;
			buildSettings = {
				ALWAYS_SEARCH_USER_PATHS = NO;
				CLANG_ANALYZER_NONNULL = YES;
				CLANG_CXX_LANGUAGE_STANDARD = "gnu++0x";
				CLANG_CXX_LIBRARY = "libc++";
				CLANG_ENABLE_MODULES = YES;
				CLANG_ENABLE_OBJC_ARC = YES;
				CLANG_WARN_BOOL_CONVERSION = YES;
				CLANG_WARN_CONSTANT_CONVERSION = YES;
				CLANG_WARN_DIRECT_OBJC_ISA_USAGE = YES_ERROR;
				CLANG_WARN_EMPTY_BODY = YES;
				CLANG_WARN_ENUM_CONVERSION = YES;
				CLANG_WARN_INT_CONVERSION = YES;
				CLANG_WARN_OBJC_ROOT_CLASS = YES_ERROR;
				CLANG_WARN_UNREACHABLE_CODE = YES;
				CLANG_WARN__DUPLICATE_METHOD_MATCH = YES;
				"CODE_SIGN_IDENTITY[sdk=iphoneos*]" = "iPhone Developer";
				COPY_PHASE_STRIP = NO;
				DEBUG_INFORMATION_FORMAT = dwarf;
				ENABLE_STRICT_OBJC_MSGSEND = YES;
				ENABLE_TESTABILITY = YES;
				GCC_C_LANGUAGE_STANDARD = gnu99;
				GCC_DYNAMIC_NO_PIC = NO;
				GCC_NO_COMMON_BLOCKS = YES;
				GCC_OPTIMIZATION_LEVEL = 0;
				GCC_PREPROCESSOR_DEFINITIONS = (
					"DEBUG=1",
					"$(inherited)",
				);
				GCC_WARN_64_TO_32_BIT_CONVERSION = YES;
				GCC_WARN_ABOUT_RETURN_TYPE = YES_ERROR;
				GCC_WARN_UNDECLARED_SELECTOR = YES;
				GCC_WARN_UNINITIALIZED_AUTOS = YES_AGGRESSIVE;
				GCC_WARN_UNUSED_FUNCTION = YES;
				GCC_WARN_UNUSED_VARIABLE = YES;
				IPHONEOS_DEPLOYMENT_TARGET = 9.3;
				MTL_ENABLE_DEBUG_INFO = YES;
				ONLY_ACTIVE_ARCH = YES;
				SDKROOT = iphoneos;
				TARGETED_DEVICE_FAMILY = "1,2";
			};
			name = Debug;
		};
		5AF7CE3D1D479B5A00C9BA36 /* Release */ = {
			isa = XCBuildConfiguration;
			buildSettings = {
				ALWAYS_SEARCH_USER_PATHS = NO;
				CLANG_ANALYZER_NONNULL = YES;
				CLANG_CXX_LANGUAGE_STANDARD = "gnu++0x";
				CLANG_CXX_LIBRARY = "libc++";
				CLANG_ENABLE_MODULES = YES;
				CLANG_ENABLE_OBJC_ARC = YES;
				CLANG_WARN_BOOL_CONVERSION = YES;
				CLANG_WARN_CONSTANT_CONVERSION = YES;
				CLANG_WARN_DIRECT_OBJC_ISA_USAGE = YES_ERROR;
				CLANG_WARN_EMPTY_BODY = YES;
				CLANG_WARN_ENUM_CONVERSION = YES;
				CLANG_WARN_INT_CONVERSION = YES;
				CLANG_WARN_OBJC_ROOT_CLASS = YES_ERROR;
				CLANG_WARN_UNREACHABLE_CODE = YES;
				CLANG_WARN__DUPLICATE_METHOD_MATCH = YES;
				"CODE_SIGN_IDENTITY[sdk=iphoneos*]" = "iPhone Developer";
				COPY_PHASE_STRIP = NO;
				DEBUG_INFORMATION_FORMAT = "dwarf-with-dsym";
				ENABLE_NS_ASSERTIONS = NO;
				ENABLE_STRICT_OBJC_MSGSEND = YES;
				GCC_C_LANGUAGE_STANDARD = gnu99;
				GCC_NO_COMMON_BLOCKS = YES;
				GCC_WARN_64_TO_32_BIT_CONVERSION = YES;
				GCC_WARN_ABOUT_RETURN_TYPE = YES_ERROR;
				GCC_WARN_UNDECLARED_SELECTOR = YES;
				GCC_WARN_UNINITIALIZED_AUTOS = YES_AGGRESSIVE;
				GCC_WARN_UNUSED_FUNCTION = YES;
				GCC_WARN_UNUSED_VARIABLE = YES;
				IPHONEOS_DEPLOYMENT_TARGET = 9.3;
				MTL_ENABLE_DEBUG_INFO = NO;
				SDKROOT = iphoneos;
				TARGETED_DEVICE_FAMILY = "1,2";
				VALIDATE_PRODUCT = YES;
			};
			name = Release;
		};
		5AF7CE3F1D479B5A00C9BA36 /* Debug */ = {
			isa = XCBuildConfiguration;
			buildSettings = {
				ASSETCATALOG_COMPILER_APPICON_NAME = AppIcon;
				INFOPLIST_FILE = PMNibLinkableViewExample/Info.plist;
				LD_RUNPATH_SEARCH_PATHS = "$(inherited) @executable_path/Frameworks";
				PRODUCT_BUNDLE_IDENTIFIER = PM.PMNibLinkableViewExample;
				PRODUCT_NAME = "$(TARGET_NAME)";
			};
			name = Debug;
		};
		5AF7CE401D479B5A00C9BA36 /* Release */ = {
			isa = XCBuildConfiguration;
			buildSettings = {
				ASSETCATALOG_COMPILER_APPICON_NAME = AppIcon;
				INFOPLIST_FILE = PMNibLinkableViewExample/Info.plist;
				LD_RUNPATH_SEARCH_PATHS = "$(inherited) @executable_path/Frameworks";
				PRODUCT_BUNDLE_IDENTIFIER = PM.PMNibLinkableViewExample;
				PRODUCT_NAME = "$(TARGET_NAME)";
			};
			name = Release;
		};
/* End XCBuildConfiguration section */

/* Begin XCConfigurationList section */
		5AF7CE221D479B5A00C9BA36 /* Build configuration list for PBXProject "PMNibLinkableViewExample" */ = {
			isa = XCConfigurationList;
			buildConfigurations = (
				5AF7CE3C1D479B5A00C9BA36 /* Debug */,
				5AF7CE3D1D479B5A00C9BA36 /* Release */,
			);
			defaultConfigurationIsVisible = 0;
			defaultConfigurationName = Release;
		};
		5AF7CE3E1D479B5A00C9BA36 /* Build configuration list for PBXNativeTarget "PMNibLinkableViewExample" */ = {
			isa = XCConfigurationList;
			buildConfigurations = (
				5AF7CE3F1D479B5A00C9BA36 /* Debug */,
				5AF7CE401D479B5A00C9BA36 /* Release */,
			);
			defaultConfigurationIsVisible = 0;
			defaultConfigurationName = Release;
		};
/* End XCConfigurationList section */
	};
	rootObject = 5AF7CE1F1D479B5A00C9BA36 /* Project object */;
}
